
Microsoft Visual Studio Solution File, Format Version 12.00
# Visual Studio Version 17
VisualStudioVersion = 17.9.34728.123
MinimumVisualStudioVersion = 10.0.40219.1
Project("{9A19103F-16F7-4668-BE54-9A1E7A4F7556}") = "Task_02", "Task_02\Task_02.csproj", "{C6FBCA97-2061-4F1D-91B5-36EAC3598263}"
EndProject
Project("{9A19103F-16F7-4668-BE54-9A1E7A4F7556}") = "Task_03", "Task_03\Task_03.csproj", "{04375B1C-C7C1-4B51-8F2D-7AA52CE83DA7}"
EndProject
Project("{FAE04EC0-301F-11D3-BF4B-00C04F79EFBC}") = "Task_04", "Task_04\Task_04.csproj", "{7ECE5D11-A686-4A5B-A071-48411F06725F}"
EndProject
Global
	GlobalSection(SolutionConfigurationPlatforms) = preSolution
		Debug|Any CPU = Debug|Any CPU
		Release|Any CPU = Release|Any CPU
	EndGlobalSection
	GlobalSection(ProjectConfigurationPlatforms) = postSolution
		{C6FBCA97-2061-4F1D-91B5-36EAC3598263}.Debug|Any CPU.ActiveCfg = Debug|Any CPU
		{C6FBCA97-2061-4F1D-91B5-36EAC3598263}.Debug|Any CPU.Build.0 = Debug|Any CPU
		{C6FBCA97-2061-4F1D-91B5-36EAC3598263}.Release|Any CPU.ActiveCfg = Release|Any CPU
		{C6FBCA97-2061-4F1D-91B5-36EAC3598263}.Release|Any CPU.Build.0 = Release|Any CPU
		{04375B1C-C7C1-4B51-8F2D-7AA52CE83DA7}.Debug|Any CPU.ActiveCfg = Debug|Any CPU
		{04375B1C-C7C1-4B51-8F2D-7AA52CE83DA7}.Debug|Any CPU.Build.0 = Debug|Any CPU
		{04375B1C-C7C1-4B51-8F2D-7AA52CE83DA7}.Release|Any CPU.ActiveCfg = Release|Any CPU
		{04375B1C-C7C1-4B51-8F2D-7AA52CE83DA7}.Release|Any CPU.Build.0 = Release|Any CPU
		{7ECE5D11-A686-4A5B-A071-48411F06725F}.Debug|Any CPU.ActiveCfg = Debug|Any CPU
		{7ECE5D11-A686-4A5B-A071-48411F06725F}.Debug|Any CPU.Build.0 = Debug|Any CPU
		{7ECE5D11-A686-4A5B-A071-48411F06725F}.Release|Any CPU.ActiveCfg = Release|Any CPU
		{7ECE5D11-A686-4A5B-A071-48411F06725F}.Release|Any CPU.Build.0 = Release|Any CPU
	EndGlobalSection
	GlobalSection(SolutionProperties) = preSolution
		HideSolutionNode = FALSE
	EndGlobalSection
	GlobalSection(ExtensibilityGlobals) = postSolution
		SolutionGuid = {9853BDB0-32F1-46D6-9604-D5438DF163F5}
	EndGlobalSection
EndGlobal
